
Microsoft Visual Studio Solution File, Format Version 12.00
# Visual Studio Version 17
VisualStudioVersion = 17.13.35806.99
MinimumVisualStudioVersion = 10.0.40219.1
Project("{FAE04EC0-301F-11D3-BF4B-00C04F79EFBC}") = "Strategy.Duck", "Strategy\Strategy.Duck.csproj", "{742EBCCD-E4F2-4070-99BC-8AFCB1E2E029}"
EndProject
Project("{FAE04EC0-301F-11D3-BF4B-00C04F79EFBC}") = "Observer.WeatherMonitoring", "Observer.WeatherMonitoring\Observer.WeatherMonitoring.csproj", "{28C674DD-557C-4FEE-ABBA-D09FD81DDA6C}"
EndProject
Project("{FAE04EC0-301F-11D3-BF4B-00C04F79EFBC}") = "Decorator.StarbuzzCoffee", "Decorator.StarbuzzCoffee\Decorator.StarbuzzCoffee.csproj", "{2DAFBA38-E135-48CE-8ECE-257490CBA064}"
EndProject
Project("{FAE04EC0-301F-11D3-BF4B-00C04F79EFBC}") = "SimpleFactory.PizzaStore", "SimpleFactory.PizzaStore\SimpleFactory.PizzaStore.csproj", "{F35AD596-2DA9-73C3-94B5-3890655BBD59}"
EndProject
Project("{FAE04EC0-301F-11D3-BF4B-00C04F79EFBC}") = "FactoryMethod.PizzaStore", "FactoryMethod.PizzaStore\FactoryMethod.PizzaStore.csproj", "{859830FE-EF6B-4F03-89DC-C4C5AAB85F47}"
EndProject
Global
	GlobalSection(SolutionConfigurationPlatforms) = preSolution
		Debug|Any CPU = Debug|Any CPU
		Release|Any CPU = Release|Any CPU
	EndGlobalSection
	GlobalSection(ProjectConfigurationPlatforms) = postSolution
		{742EBCCD-E4F2-4070-99BC-8AFCB1E2E029}.Debug|Any CPU.ActiveCfg = Debug|Any CPU
		{742EBCCD-E4F2-4070-99BC-8AFCB1E2E029}.Debug|Any CPU.Build.0 = Debug|Any CPU
		{742EBCCD-E4F2-4070-99BC-8AFCB1E2E029}.Release|Any CPU.ActiveCfg = Release|Any CPU
		{742EBCCD-E4F2-4070-99BC-8AFCB1E2E029}.Release|Any CPU.Build.0 = Release|Any CPU
		{28C674DD-557C-4FEE-ABBA-D09FD81DDA6C}.Debug|Any CPU.ActiveCfg = Debug|Any CPU
		{28C674DD-557C-4FEE-ABBA-D09FD81DDA6C}.Debug|Any CPU.Build.0 = Debug|Any CPU
		{28C674DD-557C-4FEE-ABBA-D09FD81DDA6C}.Release|Any CPU.ActiveCfg = Release|Any CPU
		{28C674DD-557C-4FEE-ABBA-D09FD81DDA6C}.Release|Any CPU.Build.0 = Release|Any CPU
		{2DAFBA38-E135-48CE-8ECE-257490CBA064}.Debug|Any CPU.ActiveCfg = Debug|Any CPU
		{2DAFBA38-E135-48CE-8ECE-257490CBA064}.Debug|Any CPU.Build.0 = Debug|Any CPU
		{2DAFBA38-E135-48CE-8ECE-257490CBA064}.Release|Any CPU.ActiveCfg = Release|Any CPU
		{2DAFBA38-E135-48CE-8ECE-257490CBA064}.Release|Any CPU.Build.0 = Release|Any CPU
		{F35AD596-2DA9-73C3-94B5-3890655BBD59}.Debug|Any CPU.ActiveCfg = Debug|Any CPU
		{F35AD596-2DA9-73C3-94B5-3890655BBD59}.Debug|Any CPU.Build.0 = Debug|Any CPU
		{F35AD596-2DA9-73C3-94B5-3890655BBD59}.Release|Any CPU.ActiveCfg = Release|Any CPU
		{F35AD596-2DA9-73C3-94B5-3890655BBD59}.Release|Any CPU.Build.0 = Release|Any CPU
		{859830FE-EF6B-4F03-89DC-C4C5AAB85F47}.Debug|Any CPU.ActiveCfg = Debug|Any CPU
		{859830FE-EF6B-4F03-89DC-C4C5AAB85F47}.Debug|Any CPU.Build.0 = Debug|Any CPU
		{859830FE-EF6B-4F03-89DC-C4C5AAB85F47}.Release|Any CPU.ActiveCfg = Release|Any CPU
		{859830FE-EF6B-4F03-89DC-C4C5AAB85F47}.Release|Any CPU.Build.0 = Release|Any CPU
	EndGlobalSection
	GlobalSection(SolutionProperties) = preSolution
		HideSolutionNode = FALSE
	EndGlobalSection
	GlobalSection(ExtensibilityGlobals) = postSolution
		SolutionGuid = {A66A787B-CE26-430E-9BDB-2D07CACED807}
	EndGlobalSection
EndGlobal
